
Microsoft Visual Studio Solution File, Format Version 12.00
# Visual Studio 14
VisualStudioVersion = 14.0.23107.0
MinimumVisualStudioVersion = 10.0.40219.1
Project("{FAE04EC0-301F-11D3-BF4B-00C04F79EFBC}") = "CodeSight.Server", "CodeSight.Server\CodeSight.Server.csproj", "{273F5638-94C4-4134-959E-B4BF3259551B}"
EndProject
Project("{FAE04EC0-301F-11D3-BF4B-00C04F79EFBC}") = "CodeSight.Server.Tests", "CodeSight.Server.Tests\CodeSight.Server.Tests.csproj", "{B1085B6A-26FC-4805-9182-ACA381F84FC3}"
EndProject
Global
	GlobalSection(SolutionConfigurationPlatforms) = preSolution
		Debug|Any CPU = Debug|Any CPU
		Release|Any CPU = Release|Any CPU
	EndGlobalSection
	GlobalSection(ProjectConfigurationPlatforms) = postSolution
		{273F5638-94C4-4134-959E-B4BF3259551B}.Debug|Any CPU.ActiveCfg = Debug|Any CPU
		{273F5638-94C4-4134-959E-B4BF3259551B}.Debug|Any CPU.Build.0 = Debug|Any CPU
		{273F5638-94C4-4134-959E-B4BF3259551B}.Release|Any CPU.ActiveCfg = Release|Any CPU
		{273F5638-94C4-4134-959E-B4BF3259551B}.Release|Any CPU.Build.0 = Release|Any CPU
		{B1085B6A-26FC-4805-9182-ACA381F84FC3}.Debug|Any CPU.ActiveCfg = Debug|Any CPU
		{B1085B6A-26FC-4805-9182-ACA381F84FC3}.Debug|Any CPU.Build.0 = Debug|Any CPU
		{B1085B6A-26FC-4805-9182-ACA381F84FC3}.Release|Any CPU.ActiveCfg = Release|Any CPU
		{B1085B6A-26FC-4805-9182-ACA381F84FC3}.Release|Any CPU.Build.0 = Release|Any CPU
	EndGlobalSection
	GlobalSection(SolutionProperties) = preSolution
		HideSolutionNode = FALSE
	EndGlobalSection
EndGlobal
